
Microsoft Visual Studio Solution File, Format Version 12.00
# Visual Studio Version 16
VisualStudioVersion = 16.0.29728.190
MinimumVisualStudioVersion = 10.0.40219.1
Project("{FAE04EC0-301F-11D3-BF4B-00C04F79EFBC}") = "March30HW", "March30HW\March30HW.csproj", "{8220332D-D2A1-4F62-8F0C-00A70B066F22}"
EndProject
Project("{FAE04EC0-301F-11D3-BF4B-00C04F79EFBC}") = "ClassLibrary2", "ClassLibrary2\ClassLibrary2.csproj", "{DA2E88C7-0AC2-4611-927D-BCDF9982E467}"
EndProject
Global
	GlobalSection(SolutionConfigurationPlatforms) = preSolution
		Debug|Any CPU = Debug|Any CPU
		Release|Any CPU = Release|Any CPU
	EndGlobalSection
	GlobalSection(ProjectConfigurationPlatforms) = postSolution
		{8220332D-D2A1-4F62-8F0C-00A70B066F22}.Debug|Any CPU.ActiveCfg = Debug|Any CPU
		{8220332D-D2A1-4F62-8F0C-00A70B066F22}.Debug|Any CPU.Build.0 = Debug|Any CPU
		{8220332D-D2A1-4F62-8F0C-00A70B066F22}.Release|Any CPU.ActiveCfg = Release|Any CPU
		{8220332D-D2A1-4F62-8F0C-00A70B066F22}.Release|Any CPU.Build.0 = Release|Any CPU
		{DA2E88C7-0AC2-4611-927D-BCDF9982E467}.Debug|Any CPU.ActiveCfg = Debug|Any CPU
		{DA2E88C7-0AC2-4611-927D-BCDF9982E467}.Debug|Any CPU.Build.0 = Debug|Any CPU
		{DA2E88C7-0AC2-4611-927D-BCDF9982E467}.Release|Any CPU.ActiveCfg = Release|Any CPU
		{DA2E88C7-0AC2-4611-927D-BCDF9982E467}.Release|Any CPU.Build.0 = Release|Any CPU
	EndGlobalSection
	GlobalSection(SolutionProperties) = preSolution
		HideSolutionNode = FALSE
	EndGlobalSection
	GlobalSection(ExtensibilityGlobals) = postSolution
		SolutionGuid = {CC3536A5-54F3-45AA-B5A6-34547B3DC105}
	EndGlobalSection
EndGlobal
